
Microsoft Visual Studio Solution File, Format Version 12.00
# Visual Studio Version 17
VisualStudioVersion = 17.4.33103.184
MinimumVisualStudioVersion = 10.0.40219.1
Project("{FAE04EC0-301F-11D3-BF4B-00C04F79EFBC}") = "Lab05_Rodko", "Lab05_Rodko\Lab05_Rodko.csproj", "{857AC0CC-5F0E-4046-A6ED-AF0665C38AFE}"
EndProject
Global
	GlobalSection(SolutionConfigurationPlatforms) = preSolution
		Debug|Any CPU = Debug|Any CPU
		Release|Any CPU = Release|Any CPU
	EndGlobalSection
	GlobalSection(ProjectConfigurationPlatforms) = postSolution
		{857AC0CC-5F0E-4046-A6ED-AF0665C38AFE}.Debug|Any CPU.ActiveCfg = Debug|Any CPU
		{857AC0CC-5F0E-4046-A6ED-AF0665C38AFE}.Debug|Any CPU.Build.0 = Debug|Any CPU
		{857AC0CC-5F0E-4046-A6ED-AF0665C38AFE}.Release|Any CPU.ActiveCfg = Release|Any CPU
		{857AC0CC-5F0E-4046-A6ED-AF0665C38AFE}.Release|Any CPU.Build.0 = Release|Any CPU
	EndGlobalSection
	GlobalSection(SolutionProperties) = preSolution
		HideSolutionNode = FALSE
	EndGlobalSection
	GlobalSection(ExtensibilityGlobals) = postSolution
		SolutionGuid = {0C680C9A-A9FC-4AB6-BF46-E4EBDD8B80AA}
	EndGlobalSection
EndGlobal
